
Microsoft Visual Studio Solution File, Format Version 12.00
# Visual Studio Version 17
VisualStudioVersion = 17.0.31903.59
MinimumVisualStudioVersion = 10.0.40219.1
Project("{2150E333-8FDC-42A3-9474-1A3956D46DE8}") = "src", "src", "{827E0CD3-B72D-47B6-A68D-7590B98EB39B}"
EndProject
Project("{FAE04EC0-301F-11D3-BF4B-00C04F79EFBC}") = "NestHub.Domain", "src\NestHub.Domain\NestHub.Domain.csproj", "{62B879C2-61B9-415C-B56C-EFBFD21AD417}"
EndProject
Project("{FAE04EC0-301F-11D3-BF4B-00C04F79EFBC}") = "NestHub.Application", "src\NestHub.Application\NestHub.Application.csproj", "{369DD617-F4F7-4389-AAF6-D8BF516F3A05}"
EndProject
Project("{FAE04EC0-301F-11D3-BF4B-00C04F79EFBC}") = "NestHub.Infrastructure", "src\NestHub.Infrastructure\NestHub.Infrastructure.csproj", "{80B37FAD-43B1-4D80-ADBE-87E02C07D5E5}"
EndProject
Project("{FAE04EC0-301F-11D3-BF4B-00C04F79EFBC}") = "NestHub.API", "src\NestHub.API\NestHub.API.csproj", "{A624AF10-BCA1-4DB9-ADC2-A74342B66293}"
EndProject
Project("{FAE04EC0-301F-11D3-BF4B-00C04F79EFBC}") = "NestHub.Admin", "src\NestHub.Admin\NestHub.Admin.csproj", "{7C39E31E-5E64-4066-B4BD-E5BEDE1052F3}"
EndProject
Project("{FAE04EC0-301F-11D3-BF4B-00C04F79EFBC}") = "NestHub.Mobile", "src\NestHub.Mobile\NestHub.Mobile.csproj", "{0A7D6877-D124-466C-9851-6DD019AEE992}"
EndProject
Project("{2150E333-8FDC-42A3-9474-1A3956D46DE8}") = "tests", "tests", "{0AB3BF05-4346-4AA6-1389-037BE0695223}"
EndProject
Project("{FAE04EC0-301F-11D3-BF4B-00C04F79EFBC}") = "NestHub.Domain.UnitTests", "tests\NestHub.Domain.UnitTests\NestHub.Domain.UnitTests.csproj", "{ED94B003-68F1-42F6-B1C3-FA4DA05F30DD}"
EndProject
Project("{FAE04EC0-301F-11D3-BF4B-00C04F79EFBC}") = "NestHub.Application.UnitTests", "tests\NestHub.Application.UnitTests\NestHub.Application.UnitTests.csproj", "{E0A036EE-6B99-497B-B2BD-C37AA4635C0E}"
EndProject
Global
	GlobalSection(SolutionConfigurationPlatforms) = preSolution
		Debug|Any CPU = Debug|Any CPU
		Debug|x64 = Debug|x64
		Debug|x86 = Debug|x86
		Release|Any CPU = Release|Any CPU
		Release|x64 = Release|x64
		Release|x86 = Release|x86
	EndGlobalSection
	GlobalSection(ProjectConfigurationPlatforms) = postSolution
		{62B879C2-61B9-415C-B56C-EFBFD21AD417}.Debug|Any CPU.ActiveCfg = Debug|Any CPU
		{62B879C2-61B9-415C-B56C-EFBFD21AD417}.Debug|Any CPU.Build.0 = Debug|Any CPU
		{62B879C2-61B9-415C-B56C-EFBFD21AD417}.Debug|x64.ActiveCfg = Debug|Any CPU
		{62B879C2-61B9-415C-B56C-EFBFD21AD417}.Debug|x64.Build.0 = Debug|Any CPU
		{62B879C2-61B9-415C-B56C-EFBFD21AD417}.Debug|x86.ActiveCfg = Debug|Any CPU
		{62B879C2-61B9-415C-B56C-EFBFD21AD417}.Debug|x86.Build.0 = Debug|Any CPU
		{62B879C2-61B9-415C-B56C-EFBFD21AD417}.Release|Any CPU.ActiveCfg = Release|Any CPU
		{62B879C2-61B9-415C-B56C-EFBFD21AD417}.Release|Any CPU.Build.0 = Release|Any CPU
		{62B879C2-61B9-415C-B56C-EFBFD21AD417}.Release|x64.ActiveCfg = Release|Any CPU
		{62B879C2-61B9-415C-B56C-EFBFD21AD417}.Release|x64.Build.0 = Release|Any CPU
		{62B879C2-61B9-415C-B56C-EFBFD21AD417}.Release|x86.ActiveCfg = Release|Any CPU
		{62B879C2-61B9-415C-B56C-EFBFD21AD417}.Release|x86.Build.0 = Release|Any CPU
		{369DD617-F4F7-4389-AAF6-D8BF516F3A05}.Debug|Any CPU.ActiveCfg = Debug|Any CPU
		{369DD617-F4F7-4389-AAF6-D8BF516F3A05}.Debug|Any CPU.Build.0 = Debug|Any CPU
		{369DD617-F4F7-4389-AAF6-D8BF516F3A05}.Debug|x64.ActiveCfg = Debug|Any CPU
		{369DD617-F4F7-4389-AAF6-D8BF516F3A05}.Debug|x64.Build.0 = Debug|Any CPU
		{369DD617-F4F7-4389-AAF6-D8BF516F3A05}.Debug|x86.ActiveCfg = Debug|Any CPU
		{369DD617-F4F7-4389-AAF6-D8BF516F3A05}.Debug|x86.Build.0 = Debug|Any CPU
		{369DD617-F4F7-4389-AAF6-D8BF516F3A05}.Release|Any CPU.ActiveCfg = Release|Any CPU
		{369DD617-F4F7-4389-AAF6-D8BF516F3A05}.Release|Any CPU.Build.0 = Release|Any CPU
		{369DD617-F4F7-4389-AAF6-D8BF516F3A05}.Release|x64.ActiveCfg = Release|Any CPU
		{369DD617-F4F7-4389-AAF6-D8BF516F3A05}.Release|x64.Build.0 = Release|Any CPU
		{369DD617-F4F7-4389-AAF6-D8BF516F3A05}.Release|x86.ActiveCfg = Release|Any CPU
		{369DD617-F4F7-4389-AAF6-D8BF516F3A05}.Release|x86.Build.0 = Release|Any CPU
		{80B37FAD-43B1-4D80-ADBE-87E02C07D5E5}.Debug|Any CPU.ActiveCfg = Debug|Any CPU
		{80B37FAD-43B1-4D80-ADBE-87E02C07D5E5}.Debug|Any CPU.Build.0 = Debug|Any CPU
		{80B37FAD-43B1-4D80-ADBE-87E02C07D5E5}.Debug|x64.ActiveCfg = Debug|Any CPU
		{80B37FAD-43B1-4D80-ADBE-87E02C07D5E5}.Debug|x64.Build.0 = Debug|Any CPU
		{80B37FAD-43B1-4D80-ADBE-87E02C07D5E5}.Debug|x86.ActiveCfg = Debug|Any CPU
		{80B37FAD-43B1-4D80-ADBE-87E02C07D5E5}.Debug|x86.Build.0 = Debug|Any CPU
		{80B37FAD-43B1-4D80-ADBE-87E02C07D5E5}.Release|Any CPU.ActiveCfg = Release|Any CPU
		{80B37FAD-43B1-4D80-ADBE-87E02C07D5E5}.Release|Any CPU.Build.0 = Release|Any CPU
		{80B37FAD-43B1-4D80-ADBE-87E02C07D5E5}.Release|x64.ActiveCfg = Release|Any CPU
		{80B37FAD-43B1-4D80-ADBE-87E02C07D5E5}.Release|x64.Build.0 = Release|Any CPU
		{80B37FAD-43B1-4D80-ADBE-87E02C07D5E5}.Release|x86.ActiveCfg = Release|Any CPU
		{80B37FAD-43B1-4D80-ADBE-87E02C07D5E5}.Release|x86.Build.0 = Release|Any CPU
		{A624AF10-BCA1-4DB9-ADC2-A74342B66293}.Debug|Any CPU.ActiveCfg = Debug|Any CPU
		{A624AF10-BCA1-4DB9-ADC2-A74342B66293}.Debug|Any CPU.Build.0 = Debug|Any CPU
		{A624AF10-BCA1-4DB9-ADC2-A74342B66293}.Debug|x64.ActiveCfg = Debug|Any CPU
		{A624AF10-BCA1-4DB9-ADC2-A74342B66293}.Debug|x64.Build.0 = Debug|Any CPU
		{A624AF10-BCA1-4DB9-ADC2-A74342B66293}.Debug|x86.ActiveCfg = Debug|Any CPU
		{A624AF10-BCA1-4DB9-ADC2-A74342B66293}.Debug|x86.Build.0 = Debug|Any CPU
		{A624AF10-BCA1-4DB9-ADC2-A74342B66293}.Release|Any CPU.ActiveCfg = Release|Any CPU
		{A624AF10-BCA1-4DB9-ADC2-A74342B66293}.Release|Any CPU.Build.0 = Release|Any CPU
		{A624AF10-BCA1-4DB9-ADC2-A74342B66293}.Release|x64.ActiveCfg = Release|Any CPU
		{A624AF10-BCA1-4DB9-ADC2-A74342B66293}.Release|x64.Build.0 = Release|Any CPU
		{A624AF10-BCA1-4DB9-ADC2-A74342B66293}.Release|x86.ActiveCfg = Release|Any CPU
		{A624AF10-BCA1-4DB9-ADC2-A74342B66293}.Release|x86.Build.0 = Release|Any CPU
		{7C39E31E-5E64-4066-B4BD-E5BEDE1052F3}.Debug|Any CPU.ActiveCfg = Debug|Any CPU
		{7C39E31E-5E64-4066-B4BD-E5BEDE1052F3}.Debug|Any CPU.Build.0 = Debug|Any CPU
		{7C39E31E-5E64-4066-B4BD-E5BEDE1052F3}.Debug|x64.ActiveCfg = Debug|Any CPU
		{7C39E31E-5E64-4066-B4BD-E5BEDE1052F3}.Debug|x64.Build.0 = Debug|Any CPU
		{7C39E31E-5E64-4066-B4BD-E5BEDE1052F3}.Debug|x86.ActiveCfg = Debug|Any CPU
		{7C39E31E-5E64-4066-B4BD-E5BEDE1052F3}.Debug|x86.Build.0 = Debug|Any CPU
		{7C39E31E-5E64-4066-B4BD-E5BEDE1052F3}.Release|Any CPU.ActiveCfg = Release|Any CPU
		{7C39E31E-5E64-4066-B4BD-E5BEDE1052F3}.Release|Any CPU.Build.0 = Release|Any CPU
		{7C39E31E-5E64-4066-B4BD-E5BEDE1052F3}.Release|x64.ActiveCfg = Release|Any CPU
		{7C39E31E-5E64-4066-B4BD-E5BEDE1052F3}.Release|x64.Build.0 = Release|Any CPU
		{7C39E31E-5E64-4066-B4BD-E5BEDE1052F3}.Release|x86.ActiveCfg = Release|Any CPU
		{7C39E31E-5E64-4066-B4BD-E5BEDE1052F3}.Release|x86.Build.0 = Release|Any CPU
		{0A7D6877-D124-466C-9851-6DD019AEE992}.Debug|Any CPU.ActiveCfg = Debug|Any CPU
		{0A7D6877-D124-466C-9851-6DD019AEE992}.Debug|Any CPU.Build.0 = Debug|Any CPU
		{0A7D6877-D124-466C-9851-6DD019AEE992}.Debug|x64.ActiveCfg = Debug|Any CPU
		{0A7D6877-D124-466C-9851-6DD019AEE992}.Debug|x64.Build.0 = Debug|Any CPU
		{0A7D6877-D124-466C-9851-6DD019AEE992}.Debug|x86.ActiveCfg = Debug|Any CPU
		{0A7D6877-D124-466C-9851-6DD019AEE992}.Debug|x86.Build.0 = Debug|Any CPU
		{0A7D6877-D124-466C-9851-6DD019AEE992}.Release|Any CPU.ActiveCfg = Release|Any CPU
		{0A7D6877-D124-466C-9851-6DD019AEE992}.Release|Any CPU.Build.0 = Release|Any CPU
		{0A7D6877-D124-466C-9851-6DD019AEE992}.Release|x64.ActiveCfg = Release|Any CPU
		{0A7D6877-D124-466C-9851-6DD019AEE992}.Release|x64.Build.0 = Release|Any CPU
		{0A7D6877-D124-466C-9851-6DD019AEE992}.Release|x86.ActiveCfg = Release|Any CPU
		{0A7D6877-D124-466C-9851-6DD019AEE992}.Release|x86.Build.0 = Release|Any CPU
		{ED94B003-68F1-42F6-B1C3-FA4DA05F30DD}.Debug|Any CPU.ActiveCfg = Debug|Any CPU
		{ED94B003-68F1-42F6-B1C3-FA4DA05F30DD}.Debug|Any CPU.Build.0 = Debug|Any CPU
		{ED94B003-68F1-42F6-B1C3-FA4DA05F30DD}.Debug|x64.ActiveCfg = Debug|Any CPU
		{ED94B003-68F1-42F6-B1C3-FA4DA05F30DD}.Debug|x64.Build.0 = Debug|Any CPU
		{ED94B003-68F1-42F6-B1C3-FA4DA05F30DD}.Debug|x86.ActiveCfg = Debug|Any CPU
		{ED94B003-68F1-42F6-B1C3-FA4DA05F30DD}.Debug|x86.Build.0 = Debug|Any CPU
		{ED94B003-68F1-42F6-B1C3-FA4DA05F30DD}.Release|Any CPU.ActiveCfg = Release|Any CPU
		{ED94B003-68F1-42F6-B1C3-FA4DA05F30DD}.Release|Any CPU.Build.0 = Release|Any CPU
		{ED94B003-68F1-42F6-B1C3-FA4DA05F30DD}.Release|x64.ActiveCfg = Release|Any CPU
		{ED94B003-68F1-42F6-B1C3-FA4DA05F30DD}.Release|x64.Build.0 = Release|Any CPU
		{ED94B003-68F1-42F6-B1C3-FA4DA05F30DD}.Release|x86.ActiveCfg = Release|Any CPU
		{ED94B003-68F1-42F6-B1C3-FA4DA05F30DD}.Release|x86.Build.0 = Release|Any CPU
		{E0A036EE-6B99-497B-B2BD-C37AA4635C0E}.Debug|Any CPU.ActiveCfg = Debug|Any CPU
		{E0A036EE-6B99-497B-B2BD-C37AA4635C0E}.Debug|Any CPU.Build.0 = Debug|Any CPU
		{E0A036EE-6B99-497B-B2BD-C37AA4635C0E}.Debug|x64.ActiveCfg = Debug|Any CPU
		{E0A036EE-6B99-497B-B2BD-C37AA4635C0E}.Debug|x64.Build.0 = Debug|Any CPU
		{E0A036EE-6B99-497B-B2BD-C37AA4635C0E}.Debug|x86.ActiveCfg = Debug|Any CPU
		{E0A036EE-6B99-497B-B2BD-C37AA4635C0E}.Debug|x86.Build.0 = Debug|Any CPU
		{E0A036EE-6B99-497B-B2BD-C37AA4635C0E}.Release|Any CPU.ActiveCfg = Release|Any CPU
		{E0A036EE-6B99-497B-B2BD-C37AA4635C0E}.Release|Any CPU.Build.0 = Release|Any CPU
		{E0A036EE-6B99-497B-B2BD-C37AA4635C0E}.Release|x64.ActiveCfg = Release|Any CPU
		{E0A036EE-6B99-497B-B2BD-C37AA4635C0E}.Release|x64.Build.0 = Release|Any CPU
		{E0A036EE-6B99-497B-B2BD-C37AA4635C0E}.Release|x86.ActiveCfg = Release|Any CPU
		{E0A036EE-6B99-497B-B2BD-C37AA4635C0E}.Release|x86.Build.0 = Release|Any CPU
	EndGlobalSection
	GlobalSection(SolutionProperties) = preSolution
		HideSolutionNode = FALSE
	EndGlobalSection
	GlobalSection(NestedProjects) = preSolution
		{62B879C2-61B9-415C-B56C-EFBFD21AD417} = {827E0CD3-B72D-47B6-A68D-7590B98EB39B}
		{369DD617-F4F7-4389-AAF6-D8BF516F3A05} = {827E0CD3-B72D-47B6-A68D-7590B98EB39B}
		{80B37FAD-43B1-4D80-ADBE-87E02C07D5E5} = {827E0CD3-B72D-47B6-A68D-7590B98EB39B}
		{A624AF10-BCA1-4DB9-ADC2-A74342B66293} = {827E0CD3-B72D-47B6-A68D-7590B98EB39B}
		{7C39E31E-5E64-4066-B4BD-E5BEDE1052F3} = {827E0CD3-B72D-47B6-A68D-7590B98EB39B}
		{0A7D6877-D124-466C-9851-6DD019AEE992} = {827E0CD3-B72D-47B6-A68D-7590B98EB39B}
		{ED94B003-68F1-42F6-B1C3-FA4DA05F30DD} = {0AB3BF05-4346-4AA6-1389-037BE0695223}
		{E0A036EE-6B99-497B-B2BD-C37AA4635C0E} = {0AB3BF05-4346-4AA6-1389-037BE0695223}
	EndGlobalSection
EndGlobal
